// !$*UTF8*$!
{
	archiveVersion = 1;
	classes = {
	};
	objectVersion = 52;
	objects = {

/* Begin PBXBuildFile section */
		920DC24F235E8FE600DEC06D /* NotificationCenter.framework in Frameworks */ = {isa = PBXBuildFile; fileRef = 920DC24E235E8FE600DEC06D /* NotificationCenter.framework */; };
		920DC252235E8FE600DEC06D /* TodayViewController.swift in Sources */ = {isa = PBXBuildFile; fileRef = 920DC251235E8FE600DEC06D /* TodayViewController.swift */; };
		920DC255235E8FE600DEC06D /* MainInterface.storyboard in Resources */ = {isa = PBXBuildFile; fileRef = 920DC253235E8FE600DEC06D /* MainInterface.storyboard */; };
		920DC259235E8FE600DEC06D /* MTP Clock.appex in Embed App Extensions */ = {isa = PBXBuildFile; fileRef = 920DC24D235E8FE600DEC06D /* MTP Clock.appex */; settings = {ATTRIBUTES = (RemoveHeadersOnCopy, ); }; };
		925214AA236515EF0044175D /* String.swift in Sources */ = {isa = PBXBuildFile; fileRef = 925214A9236515EF0044175D /* String.swift */; };
		925214AD2365161E0044175D /* String.swift in Sources */ = {isa = PBXBuildFile; fileRef = 925214AC2365161E0044175D /* String.swift */; };
		925214B0236516FC0044175D /* StringError.swift in Sources */ = {isa = PBXBuildFile; fileRef = 925214AF236516FC0044175D /* StringError.swift */; };
		925214B32365195A0044175D /* StringError.swift in Sources */ = {isa = PBXBuildFile; fileRef = 925214B22365195A0044175D /* StringError.swift */; };
		9254C610236136F10097A624 /* AppState.swift in Sources */ = {isa = PBXBuildFile; fileRef = 9254C60F236136F10097A624 /* AppState.swift */; };
		925B3EA72361269300BD99F9 /* TodayView.swift in Sources */ = {isa = PBXBuildFile; fileRef = 925B3EA62361269300BD99F9 /* TodayView.swift */; };
		925B3EAA236130B900BD99F9 /* MainView.swift in Sources */ = {isa = PBXBuildFile; fileRef = 925B3EA9236130B900BD99F9 /* MainView.swift */; };
		925B3EAC236130C500BD99F9 /* SetSSNView.swift in Sources */ = {isa = PBXBuildFile; fileRef = 925B3EAB236130C500BD99F9 /* SetSSNView.swift */; };
		925CDE1A235E711100D48F9E /* SetSSNPage.swift in Sources */ = {isa = PBXBuildFile; fileRef = 925CDE19235E711100D48F9E /* SetSSNPage.swift */; };
		925CDE1C235E75F600D48F9E /* LocalData.swift in Sources */ = {isa = PBXBuildFile; fileRef = 925CDE1B235E75F600D48F9E /* LocalData.swift */; };
		925EE6312360E659003E8F33 /* SwiftUIX in Frameworks */ = {isa = PBXBuildFile; productRef = 925EE6302360E659003E8F33 /* SwiftUIX */; };
		92761B93235CD67E0051E23B /* AppDelegate.swift in Sources */ = {isa = PBXBuildFile; fileRef = 92761B92235CD67E0051E23B /* AppDelegate.swift */; };
		92761B95235CD67E0051E23B /* SceneDelegate.swift in Sources */ = {isa = PBXBuildFile; fileRef = 92761B94235CD67E0051E23B /* SceneDelegate.swift */; };
		92761B97235CD67E0051E23B /* RootView.swift in Sources */ = {isa = PBXBuildFile; fileRef = 92761B96235CD67E0051E23B /* RootView.swift */; };
		92761B99235CD67F0051E23B /* Assets.xcassets in Resources */ = {isa = PBXBuildFile; fileRef = 92761B98235CD67F0051E23B /* Assets.xcassets */; };
		92761B9C235CD67F0051E23B /* Preview Assets.xcassets in Resources */ = {isa = PBXBuildFile; fileRef = 92761B9B235CD67F0051E23B /* Preview Assets.xcassets */; };
		92761B9F235CD67F0051E23B /* LaunchScreen.storyboard in Resources */ = {isa = PBXBuildFile; fileRef = 92761B9D235CD67F0051E23B /* LaunchScreen.storyboard */; };
		92761BAA235CD6800051E23B /* MTP_clockTests.swift in Sources */ = {isa = PBXBuildFile; fileRef = 92761BA9235CD6800051E23B /* MTP_clockTests.swift */; };
		92761BB5235CD6800051E23B /* MTP_clockUITests.swift in Sources */ = {isa = PBXBuildFile; fileRef = 92761BB4235CD6800051E23B /* MTP_clockUITests.swift */; };
		92761BC8235CD96A0051E23B /* MainScreen.swift in Sources */ = {isa = PBXBuildFile; fileRef = 92761BC7235CD96A0051E23B /* MainScreen.swift */; };
		92761BCB235CDAE00051E23B /* ClockTab.swift in Sources */ = {isa = PBXBuildFile; fileRef = 92761BCA235CDAE00051E23B /* ClockTab.swift */; };
		92761BCD235CDB150051E23B /* SettingsTab.swift in Sources */ = {isa = PBXBuildFile; fileRef = 92761BCC235CDB150051E23B /* SettingsTab.swift */; };
		92761BCF235CDE860051E23B /* AppState.swift in Sources */ = {isa = PBXBuildFile; fileRef = 92761BCE235CDE860051E23B /* AppState.swift */; };
		92761BD1235CE20D0051E23B /* SettingsRow.swift in Sources */ = {isa = PBXBuildFile; fileRef = 92761BD0235CE20D0051E23B /* SettingsRow.swift */; };
		9281B0A7235D12C2000F9CC8 /* MTP.swift in Sources */ = {isa = PBXBuildFile; fileRef = 9281B0A6235D12C2000F9CC8 /* MTP.swift */; };
		9281B0A9235D153E000F9CC8 /* HistoryItem.swift in Sources */ = {isa = PBXBuildFile; fileRef = 9281B0A8235D153E000F9CC8 /* HistoryItem.swift */; };
		929E17BEE4969FA89EBE5774 /* Pods_Clock_widget.framework in Frameworks */ = {isa = PBXBuildFile; fileRef = 75AA4ECBA9EEAEB9B3332D4D /* Pods_Clock_widget.framework */; };
		92A13726235E98070014504F /* MTPApi.swift in Sources */ = {isa = PBXBuildFile; fileRef = 92A13725235E98070014504F /* MTPApi.swift */; };
		92A13729235E98340014504F /* LocalData.swift in Sources */ = {isa = PBXBuildFile; fileRef = 92A13728235E98340014504F /* LocalData.swift */; };
		92A1372B235E984C0014504F /* HistoryItem.swift in Sources */ = {isa = PBXBuildFile; fileRef = 92A1372A235E984C0014504F /* HistoryItem.swift */; };
		92A1372D235E98720014504F /* MTP.swift in Sources */ = {isa = PBXBuildFile; fileRef = 92A1372C235E98720014504F /* MTP.swift */; };
		92AFF1DB235CFFFD005454E2 /* MTPApi.swift in Sources */ = {isa = PBXBuildFile; fileRef = 92AFF1DA235CFFFD005454E2 /* MTPApi.swift */; };
		9B65F7FB8B00AD0B5187DD7F /* Pods_MTP_clock.framework in Frameworks */ = {isa = PBXBuildFile; fileRef = F97A2CAFB0D90543ACF3FDE1 /* Pods_MTP_clock.framework */; };
/* End PBXBuildFile section */

/* Begin PBXContainerItemProxy section */
		920DC257235E8FE600DEC06D /* PBXContainerItemProxy */ = {
			isa = PBXContainerItemProxy;
			containerPortal = 92761B87235CD67E0051E23B /* Project object */;
			proxyType = 1;
			remoteGlobalIDString = 920DC24C235E8FE600DEC06D;
			remoteInfo = "Clock widget";
		};
		92761BA6235CD6800051E23B /* PBXContainerItemProxy */ = {
			isa = PBXContainerItemProxy;
			containerPortal = 92761B87235CD67E0051E23B /* Project object */;
			proxyType = 1;
			remoteGlobalIDString = 92761B8E235CD67E0051E23B;
			remoteInfo = "MTP clock";
		};
		92761BB1235CD6800051E23B /* PBXContainerItemProxy */ = {
			isa = PBXContainerItemProxy;
			containerPortal = 92761B87235CD67E0051E23B /* Project object */;
			proxyType = 1;
			remoteGlobalIDString = 92761B8E235CD67E0051E23B;
			remoteInfo = "MTP clock";
		};
/* End PBXContainerItemProxy section */

/* Begin PBXCopyFilesBuildPhase section */
		920DC25A235E8FE600DEC06D /* Embed App Extensions */ = {
			isa = PBXCopyFilesBuildPhase;
			buildActionMask = 2147483647;
			dstPath = "";
			dstSubfolderSpec = 13;
			files = (
				920DC259235E8FE600DEC06D /* MTP Clock.appex in Embed App Extensions */,
			);
			name = "Embed App Extensions";
			runOnlyForDeploymentPostprocessing = 0;
		};
/* End PBXCopyFilesBuildPhase section */

/* Begin PBXFileReference section */
		40D29C86407327FF3CDDDAAF /* Pods-MTP clock.debug.xcconfig */ = {isa = PBXFileReference; includeInIndex = 1; lastKnownFileType = text.xcconfig; name = "Pods-MTP clock.debug.xcconfig"; path = "Target Support Files/Pods-MTP clock/Pods-MTP clock.debug.xcconfig"; sourceTree = "<group>"; };
		41C284BF6D6A4984D2524671 /* Pods-MTP clock.release.xcconfig */ = {isa = PBXFileReference; includeInIndex = 1; lastKnownFileType = text.xcconfig; name = "Pods-MTP clock.release.xcconfig"; path = "Target Support Files/Pods-MTP clock/Pods-MTP clock.release.xcconfig"; sourceTree = "<group>"; };
		75AA4ECBA9EEAEB9B3332D4D /* Pods_Clock_widget.framework */ = {isa = PBXFileReference; explicitFileType = wrapper.framework; includeInIndex = 0; path = Pods_Clock_widget.framework; sourceTree = BUILT_PRODUCTS_DIR; };
		920DC24D235E8FE600DEC06D /* MTP Clock.appex */ = {isa = PBXFileReference; explicitFileType = "wrapper.app-extension"; includeInIndex = 0; path = "MTP Clock.appex"; sourceTree = BUILT_PRODUCTS_DIR; };
		920DC24E235E8FE600DEC06D /* NotificationCenter.framework */ = {isa = PBXFileReference; lastKnownFileType = wrapper.framework; name = NotificationCenter.framework; path = System/Library/Frameworks/NotificationCenter.framework; sourceTree = SDKROOT; };
		920DC251235E8FE600DEC06D /* TodayViewController.swift */ = {isa = PBXFileReference; lastKnownFileType = sourcecode.swift; path = TodayViewController.swift; sourceTree = "<group>"; };
		920DC254235E8FE600DEC06D /* Base */ = {isa = PBXFileReference; lastKnownFileType = file.storyboard; name = Base; path = Base.lproj/MainInterface.storyboard; sourceTree = "<group>"; };
		920DC256235E8FE600DEC06D /* Info.plist */ = {isa = PBXFileReference; lastKnownFileType = text.plist.xml; path = Info.plist; sourceTree = "<group>"; };
		925214A9236515EF0044175D /* String.swift */ = {isa = PBXFileReference; lastKnownFileType = sourcecode.swift; path = String.swift; sourceTree = "<group>"; };
		925214AC2365161E0044175D /* String.swift */ = {isa = PBXFileReference; lastKnownFileType = sourcecode.swift; path = String.swift; sourceTree = "<group>"; };
		925214AF236516FC0044175D /* StringError.swift */ = {isa = PBXFileReference; lastKnownFileType = sourcecode.swift; path = StringError.swift; sourceTree = "<group>"; };
		925214B22365195A0044175D /* StringError.swift */ = {isa = PBXFileReference; lastKnownFileType = sourcecode.swift; path = StringError.swift; sourceTree = "<group>"; };
		9254C60F236136F10097A624 /* AppState.swift */ = {isa = PBXFileReference; lastKnownFileType = sourcecode.swift; path = AppState.swift; sourceTree = "<group>"; };
		925B3EA62361269300BD99F9 /* TodayView.swift */ = {isa = PBXFileReference; lastKnownFileType = sourcecode.swift; path = TodayView.swift; sourceTree = "<group>"; };
		925B3EA9236130B900BD99F9 /* MainView.swift */ = {isa = PBXFileReference; lastKnownFileType = sourcecode.swift; path = MainView.swift; sourceTree = "<group>"; };
		925B3EAB236130C500BD99F9 /* SetSSNView.swift */ = {isa = PBXFileReference; lastKnownFileType = sourcecode.swift; path = SetSSNView.swift; sourceTree = "<group>"; };
		925CDE19235E711100D48F9E /* SetSSNPage.swift */ = {isa = PBXFileReference; lastKnownFileType = sourcecode.swift; path = SetSSNPage.swift; sourceTree = "<group>"; };
		925CDE1B235E75F600D48F9E /* LocalData.swift */ = {isa = PBXFileReference; lastKnownFileType = sourcecode.swift; path = LocalData.swift; sourceTree = "<group>"; };
		92761B8F235CD67E0051E23B /* MTP clock.app */ = {isa = PBXFileReference; explicitFileType = wrapper.application; includeInIndex = 0; path = "MTP clock.app"; sourceTree = BUILT_PRODUCTS_DIR; };
		92761B92235CD67E0051E23B /* AppDelegate.swift */ = {isa = PBXFileReference; lastKnownFileType = sourcecode.swift; path = AppDelegate.swift; sourceTree = "<group>"; };
		92761B94235CD67E0051E23B /* SceneDelegate.swift */ = {isa = PBXFileReference; lastKnownFileType = sourcecode.swift; path = SceneDelegate.swift; sourceTree = "<group>"; };
		92761B96235CD67E0051E23B /* RootView.swift */ = {isa = PBXFileReference; lastKnownFileType = sourcecode.swift; path = RootView.swift; sourceTree = "<group>"; };
		92761B98235CD67F0051E23B /* Assets.xcassets */ = {isa = PBXFileReference; lastKnownFileType = folder.assetcatalog; path = Assets.xcassets; sourceTree = "<group>"; };
		92761B9B235CD67F0051E23B /* Preview Assets.xcassets */ = {isa = PBXFileReference; lastKnownFileType = folder.assetcatalog; path = "Preview Assets.xcassets"; sourceTree = "<group>"; };
		92761B9E235CD67F0051E23B /* Base */ = {isa = PBXFileReference; lastKnownFileType = file.storyboard; name = Base; path = Base.lproj/LaunchScreen.storyboard; sourceTree = "<group>"; };
		92761BA0235CD67F0051E23B /* Info.plist */ = {isa = PBXFileReference; lastKnownFileType = text.plist.xml; path = Info.plist; sourceTree = "<group>"; };
		92761BA5235CD6800051E23B /* MTP clockTests.xctest */ = {isa = PBXFileReference; explicitFileType = wrapper.cfbundle; includeInIndex = 0; path = "MTP clockTests.xctest"; sourceTree = BUILT_PRODUCTS_DIR; };
		92761BA9235CD6800051E23B /* MTP_clockTests.swift */ = {isa = PBXFileReference; lastKnownFileType = sourcecode.swift; path = MTP_clockTests.swift; sourceTree = "<group>"; };
		92761BAB235CD6800051E23B /* Info.plist */ = {isa = PBXFileReference; lastKnownFileType = text.plist.xml; path = Info.plist; sourceTree = "<group>"; };
		92761BB0235CD6800051E23B /* MTP clockUITests.xctest */ = {isa = PBXFileReference; explicitFileType = wrapper.cfbundle; includeInIndex = 0; path = "MTP clockUITests.xctest"; sourceTree = BUILT_PRODUCTS_DIR; };
		92761BB4235CD6800051E23B /* MTP_clockUITests.swift */ = {isa = PBXFileReference; lastKnownFileType = sourcecode.swift; path = MTP_clockUITests.swift; sourceTree = "<group>"; };
		92761BB6235CD6800051E23B /* Info.plist */ = {isa = PBXFileReference; lastKnownFileType = text.plist.xml; path = Info.plist; sourceTree = "<group>"; };
		92761BC7235CD96A0051E23B /* MainScreen.swift */ = {isa = PBXFileReference; lastKnownFileType = sourcecode.swift; path = MainScreen.swift; sourceTree = "<group>"; };
		92761BCA235CDAE00051E23B /* ClockTab.swift */ = {isa = PBXFileReference; lastKnownFileType = sourcecode.swift; path = ClockTab.swift; sourceTree = "<group>"; };
		92761BCC235CDB150051E23B /* SettingsTab.swift */ = {isa = PBXFileReference; lastKnownFileType = sourcecode.swift; path = SettingsTab.swift; sourceTree = "<group>"; };
		92761BCE235CDE860051E23B /* AppState.swift */ = {isa = PBXFileReference; lastKnownFileType = sourcecode.swift; path = AppState.swift; sourceTree = "<group>"; };
		92761BD0235CE20D0051E23B /* SettingsRow.swift */ = {isa = PBXFileReference; lastKnownFileType = sourcecode.swift; path = SettingsRow.swift; sourceTree = "<group>"; };
		9281B0A6235D12C2000F9CC8 /* MTP.swift */ = {isa = PBXFileReference; lastKnownFileType = sourcecode.swift; path = MTP.swift; sourceTree = "<group>"; };
		9281B0A8235D153E000F9CC8 /* HistoryItem.swift */ = {isa = PBXFileReference; lastKnownFileType = sourcecode.swift; path = HistoryItem.swift; sourceTree = "<group>"; };
		92A13725235E98070014504F /* MTPApi.swift */ = {isa = PBXFileReference; lastKnownFileType = sourcecode.swift; path = MTPApi.swift; sourceTree = "<group>"; };
		92A13728235E98340014504F /* LocalData.swift */ = {isa = PBXFileReference; lastKnownFileType = sourcecode.swift; path = LocalData.swift; sourceTree = "<group>"; };
		92A1372A235E984C0014504F /* HistoryItem.swift */ = {isa = PBXFileReference; lastKnownFileType = sourcecode.swift; path = HistoryItem.swift; sourceTree = "<group>"; };
		92A1372C235E98720014504F /* MTP.swift */ = {isa = PBXFileReference; lastKnownFileType = sourcecode.swift; path = MTP.swift; sourceTree = "<group>"; };
		92AFF1DA235CFFFD005454E2 /* MTPApi.swift */ = {isa = PBXFileReference; lastKnownFileType = sourcecode.swift; path = MTPApi.swift; sourceTree = "<group>"; };
		A10AC70D46D497B124AF8763 /* Pods-Clock widget.release.xcconfig */ = {isa = PBXFileReference; includeInIndex = 1; lastKnownFileType = text.xcconfig; name = "Pods-Clock widget.release.xcconfig"; path = "Target Support Files/Pods-Clock widget/Pods-Clock widget.release.xcconfig"; sourceTree = "<group>"; };
		F32160290F1E6410A05216B7 /* Pods-Clock widget.debug.xcconfig */ = {isa = PBXFileReference; includeInIndex = 1; lastKnownFileType = text.xcconfig; name = "Pods-Clock widget.debug.xcconfig"; path = "Target Support Files/Pods-Clock widget/Pods-Clock widget.debug.xcconfig"; sourceTree = "<group>"; };
		F97A2CAFB0D90543ACF3FDE1 /* Pods_MTP_clock.framework */ = {isa = PBXFileReference; explicitFileType = wrapper.framework; includeInIndex = 0; path = Pods_MTP_clock.framework; sourceTree = BUILT_PRODUCTS_DIR; };
/* End PBXFileReference section */

/* Begin PBXFrameworksBuildPhase section */
		920DC24A235E8FE600DEC06D /* Frameworks */ = {
			isa = PBXFrameworksBuildPhase;
			buildActionMask = 2147483647;
			files = (
				920DC24F235E8FE600DEC06D /* NotificationCenter.framework in Frameworks */,
				929E17BEE4969FA89EBE5774 /* Pods_Clock_widget.framework in Frameworks */,
			);
			runOnlyForDeploymentPostprocessing = 0;
		};
		92761B8C235CD67E0051E23B /* Frameworks */ = {
			isa = PBXFrameworksBuildPhase;
			buildActionMask = 2147483647;
			files = (
				9B65F7FB8B00AD0B5187DD7F /* Pods_MTP_clock.framework in Frameworks */,
				925EE6312360E659003E8F33 /* SwiftUIX in Frameworks */,
			);
			runOnlyForDeploymentPostprocessing = 0;
		};
		92761BA2235CD6800051E23B /* Frameworks */ = {
			isa = PBXFrameworksBuildPhase;
			buildActionMask = 2147483647;
			files = (
			);
			runOnlyForDeploymentPostprocessing = 0;
		};
		92761BAD235CD6800051E23B /* Frameworks */ = {
			isa = PBXFrameworksBuildPhase;
			buildActionMask = 2147483647;
			files = (
			);
			runOnlyForDeploymentPostprocessing = 0;
		};
/* End PBXFrameworksBuildPhase section */

/* Begin PBXGroup section */
		23A481EBE23A5BDF0697778B /* Frameworks */ = {
			isa = PBXGroup;
			children = (
				F97A2CAFB0D90543ACF3FDE1 /* Pods_MTP_clock.framework */,
				920DC24E235E8FE600DEC06D /* NotificationCenter.framework */,
				75AA4ECBA9EEAEB9B3332D4D /* Pods_Clock_widget.framework */,
			);
			name = Frameworks;
			sourceTree = "<group>";
		};
		920DC250235E8FE600DEC06D /* Clock widget */ = {
			isa = PBXGroup;
			children = (
				925214AE236516EF0044175D /* Errors */,
				925214A8236515DF0044175D /* Extensions */,
				9254C60E236136DD0097A624 /* Models */,
				925B3EA8236130A900BD99F9 /* Views */,
				92A13727235E98170014504F /* Utilities */,
				920DC251235E8FE600DEC06D /* TodayViewController.swift */,
				920DC253235E8FE600DEC06D /* MainInterface.storyboard */,
				920DC256235E8FE600DEC06D /* Info.plist */,
			);
			path = "Clock widget";
			sourceTree = "<group>";
		};
		925214A8236515DF0044175D /* Extensions */ = {
			isa = PBXGroup;
			children = (
				925214A9236515EF0044175D /* String.swift */,
			);
			path = Extensions;
			sourceTree = "<group>";
		};
		925214AB236516080044175D /* Extensions */ = {
			isa = PBXGroup;
			children = (
				925214AC2365161E0044175D /* String.swift */,
			);
			path = Extensions;
			sourceTree = "<group>";
		};
		925214AE236516EF0044175D /* Errors */ = {
			isa = PBXGroup;
			children = (
				925214AF236516FC0044175D /* StringError.swift */,
			);
			path = Errors;
			sourceTree = "<group>";
		};
		925214B1236519480044175D /* Errors */ = {
			isa = PBXGroup;
			children = (
				925214B22365195A0044175D /* StringError.swift */,
			);
			path = Errors;
			sourceTree = "<group>";
		};
		9254C60E236136DD0097A624 /* Models */ = {
			isa = PBXGroup;
			children = (
				92A1372C235E98720014504F /* MTP.swift */,
				92A1372A235E984C0014504F /* HistoryItem.swift */,
				92A13728235E98340014504F /* LocalData.swift */,
				9254C60F236136F10097A624 /* AppState.swift */,
			);
			path = Models;
			sourceTree = "<group>";
		};
		925B3EA8236130A900BD99F9 /* Views */ = {
			isa = PBXGroup;
			children = (
				925B3EA62361269300BD99F9 /* TodayView.swift */,
				925B3EA9236130B900BD99F9 /* MainView.swift */,
				925B3EAB236130C500BD99F9 /* SetSSNView.swift */,
			);
			path = Views;
			sourceTree = "<group>";
		};
		925CDE18235E70E400D48F9E /* Settings */ = {
			isa = PBXGroup;
			children = (
				925CDE19235E711100D48F9E /* SetSSNPage.swift */,
			);
			path = Settings;
			sourceTree = "<group>";
		};
		92761B86235CD67E0051E23B = {
			isa = PBXGroup;
			children = (
				92761B91235CD67E0051E23B /* MTP clock */,
				92761BA8235CD6800051E23B /* MTP clockTests */,
				92761BB3235CD6800051E23B /* MTP clockUITests */,
				920DC250235E8FE600DEC06D /* Clock widget */,
				92761B90235CD67E0051E23B /* Products */,
				B44F728BF44BECE2840FAA04 /* Pods */,
				23A481EBE23A5BDF0697778B /* Frameworks */,
			);
			sourceTree = "<group>";
		};
		92761B90235CD67E0051E23B /* Products */ = {
			isa = PBXGroup;
			children = (
				92761B8F235CD67E0051E23B /* MTP clock.app */,
				92761BA5235CD6800051E23B /* MTP clockTests.xctest */,
				92761BB0235CD6800051E23B /* MTP clockUITests.xctest */,
				920DC24D235E8FE600DEC06D /* MTP Clock.appex */,
			);
			name = Products;
			sourceTree = "<group>";
		};
		92761B91235CD67E0051E23B /* MTP clock */ = {
			isa = PBXGroup;
			children = (
				925214B1236519480044175D /* Errors */,
				925214AB236516080044175D /* Extensions */,
				92AFF1D9235CFFD7005454E2 /* Utilities */,
				92761BC5235CD8B30051E23B /* Core */,
				92761BC4235CD88D0051E23B /* Models */,
				92761BC3235CD87F0051E23B /* Components */,
				92761BC2235CD8590051E23B /* Screens */,
				92761B98235CD67F0051E23B /* Assets.xcassets */,
				92761B9D235CD67F0051E23B /* LaunchScreen.storyboard */,
				92761BA0235CD67F0051E23B /* Info.plist */,
				92761B9A235CD67F0051E23B /* Preview Content */,
			);
			path = "MTP clock";
			sourceTree = "<group>";
		};
		92761B9A235CD67F0051E23B /* Preview Content */ = {
			isa = PBXGroup;
			children = (
				92761B9B235CD67F0051E23B /* Preview Assets.xcassets */,
			);
			path = "Preview Content";
			sourceTree = "<group>";
		};
		92761BA8235CD6800051E23B /* MTP clockTests */ = {
			isa = PBXGroup;
			children = (
				92761BA9235CD6800051E23B /* MTP_clockTests.swift */,
				92761BAB235CD6800051E23B /* Info.plist */,
			);
			path = "MTP clockTests";
			sourceTree = "<group>";
		};
		92761BB3235CD6800051E23B /* MTP clockUITests */ = {
			isa = PBXGroup;
			children = (
				92761BB4235CD6800051E23B /* MTP_clockUITests.swift */,
				92761BB6235CD6800051E23B /* Info.plist */,
			);
			path = "MTP clockUITests";
			sourceTree = "<group>";
		};
		92761BC2235CD8590051E23B /* Screens */ = {
			isa = PBXGroup;
			children = (
				92761BC9235CD9BB0051E23B /* Tabs */,
				92761B96235CD67E0051E23B /* RootView.swift */,
				92761BC7235CD96A0051E23B /* MainScreen.swift */,
			);
			path = Screens;
			sourceTree = "<group>";
		};
		92761BC3235CD87F0051E23B /* Components */ = {
			isa = PBXGroup;
			children = (
				92761BD0235CE20D0051E23B /* SettingsRow.swift */,
			);
			path = Components;
			sourceTree = "<group>";
		};
		92761BC4235CD88D0051E23B /* Models */ = {
			isa = PBXGroup;
			children = (
				925CDE1B235E75F600D48F9E /* LocalData.swift */,
				9281B0A8235D153E000F9CC8 /* HistoryItem.swift */,
				9281B0A6235D12C2000F9CC8 /* MTP.swift */,
				9281B0AA235D1557000F9CC8 /* Observable */,
			);
			path = Models;
			sourceTree = "<group>";
		};
		92761BC5235CD8B30051E23B /* Core */ = {
			isa = PBXGroup;
			children = (
				92761B94235CD67E0051E23B /* SceneDelegate.swift */,
				92761B92235CD67E0051E23B /* AppDelegate.swift */,
			);
			path = Core;
			sourceTree = "<group>";
		};
		92761BC9235CD9BB0051E23B /* Tabs */ = {
			isa = PBXGroup;
			children = (
				925CDE18235E70E400D48F9E /* Settings */,
				92761BCA235CDAE00051E23B /* ClockTab.swift */,
				92761BCC235CDB150051E23B /* SettingsTab.swift */,
			);
			path = Tabs;
			sourceTree = "<group>";
		};
		9281B0AA235D1557000F9CC8 /* Observable */ = {
			isa = PBXGroup;
			children = (
				92761BCE235CDE860051E23B /* AppState.swift */,
			);
			path = Observable;
			sourceTree = "<group>";
		};
		92A13727235E98170014504F /* Utilities */ = {
			isa = PBXGroup;
			children = (
				92A13725235E98070014504F /* MTPApi.swift */,
			);
			path = Utilities;
			sourceTree = "<group>";
		};
		92AFF1D9235CFFD7005454E2 /* Utilities */ = {
			isa = PBXGroup;
			children = (
				92AFF1DA235CFFFD005454E2 /* MTPApi.swift */,
			);
			path = Utilities;
			sourceTree = "<group>";
		};
		B44F728BF44BECE2840FAA04 /* Pods */ = {
			isa = PBXGroup;
			children = (
				40D29C86407327FF3CDDDAAF /* Pods-MTP clock.debug.xcconfig */,
				41C284BF6D6A4984D2524671 /* Pods-MTP clock.release.xcconfig */,
				F32160290F1E6410A05216B7 /* Pods-Clock widget.debug.xcconfig */,
				A10AC70D46D497B124AF8763 /* Pods-Clock widget.release.xcconfig */,
			);
			path = Pods;
			sourceTree = "<group>";
		};
/* End PBXGroup section */

/* Begin PBXNativeTarget section */
		920DC24C235E8FE600DEC06D /* Clock widget */ = {
			isa = PBXNativeTarget;
			buildConfigurationList = 920DC25D235E8FE600DEC06D /* Build configuration list for PBXNativeTarget "Clock widget" */;
			buildPhases = (
				40DE0895BE9A9698FC7D82C5 /* [CP] Check Pods Manifest.lock */,
				920DC249235E8FE600DEC06D /* Sources */,
				920DC24A235E8FE600DEC06D /* Frameworks */,
				920DC24B235E8FE600DEC06D /* Resources */,
			);
			buildRules = (
			);
			dependencies = (
			);
			name = "Clock widget";
			productName = "Clock widget";
			productReference = 920DC24D235E8FE600DEC06D /* MTP Clock.appex */;
			productType = "com.apple.product-type.app-extension";
		};
		92761B8E235CD67E0051E23B /* MTP clock */ = {
			isa = PBXNativeTarget;
			buildConfigurationList = 92761BB9235CD6800051E23B /* Build configuration list for PBXNativeTarget "MTP clock" */;
			buildPhases = (
				E49921F54B2370ED437E056E /* [CP] Check Pods Manifest.lock */,
				92761B8B235CD67E0051E23B /* Sources */,
				92761B8C235CD67E0051E23B /* Frameworks */,
				92761B8D235CD67E0051E23B /* Resources */,
				5A786BF8EAE4E1A357F39499 /* [CP] Embed Pods Frameworks */,
				920DC25A235E8FE600DEC06D /* Embed App Extensions */,
			);
			buildRules = (
			);
			dependencies = (
				920DC258235E8FE600DEC06D /* PBXTargetDependency */,
			);
			name = "MTP clock";
			packageProductDependencies = (
				925EE6302360E659003E8F33 /* SwiftUIX */,
			);
			productName = "MTP clock";
			productReference = 92761B8F235CD67E0051E23B /* MTP clock.app */;
			productType = "com.apple.product-type.application";
		};
		92761BA4235CD6800051E23B /* MTP clockTests */ = {
			isa = PBXNativeTarget;
			buildConfigurationList = 92761BBC235CD6800051E23B /* Build configuration list for PBXNativeTarget "MTP clockTests" */;
			buildPhases = (
				92761BA1235CD6800051E23B /* Sources */,
				92761BA2235CD6800051E23B /* Frameworks */,
				92761BA3235CD6800051E23B /* Resources */,
			);
			buildRules = (
			);
			dependencies = (
				92761BA7235CD6800051E23B /* PBXTargetDependency */,
			);
			name = "MTP clockTests";
			productName = "MTP clockTests";
			productReference = 92761BA5235CD6800051E23B /* MTP clockTests.xctest */;
			productType = "com.apple.product-type.bundle.unit-test";
		};
		92761BAF235CD6800051E23B /* MTP clockUITests */ = {
			isa = PBXNativeTarget;
			buildConfigurationList = 92761BBF235CD6800051E23B /* Build configuration list for PBXNativeTarget "MTP clockUITests" */;
			buildPhases = (
				92761BAC235CD6800051E23B /* Sources */,
				92761BAD235CD6800051E23B /* Frameworks */,
				92761BAE235CD6800051E23B /* Resources */,
			);
			buildRules = (
			);
			dependencies = (
				92761BB2235CD6800051E23B /* PBXTargetDependency */,
			);
			name = "MTP clockUITests";
			productName = "MTP clockUITests";
			productReference = 92761BB0235CD6800051E23B /* MTP clockUITests.xctest */;
			productType = "com.apple.product-type.bundle.ui-testing";
		};
/* End PBXNativeTarget section */

/* Begin PBXProject section */
		92761B87235CD67E0051E23B /* Project object */ = {
			isa = PBXProject;
			attributes = {
				LastSwiftUpdateCheck = 1110;
				LastUpgradeCheck = 1110;
				ORGANIZATIONNAME = "Guðmundur Halldórsson";
				TargetAttributes = {
					920DC24C235E8FE600DEC06D = {
						CreatedOnToolsVersion = 11.1;
					};
					92761B8E235CD67E0051E23B = {
						CreatedOnToolsVersion = 11.1;
					};
					92761BA4235CD6800051E23B = {
						CreatedOnToolsVersion = 11.1;
						TestTargetID = 92761B8E235CD67E0051E23B;
					};
					92761BAF235CD6800051E23B = {
						CreatedOnToolsVersion = 11.1;
						TestTargetID = 92761B8E235CD67E0051E23B;
					};
				};
			};
			buildConfigurationList = 92761B8A235CD67E0051E23B /* Build configuration list for PBXProject "MTP clock" */;
			compatibilityVersion = "Xcode 9.3";
			developmentRegion = en;
			hasScannedForEncodings = 0;
			knownRegions = (
				en,
				Base,
			);
			mainGroup = 92761B86235CD67E0051E23B;
			packageReferences = (
				925EE62F2360E659003E8F33 /* XCRemoteSwiftPackageReference "SwiftUIX" */,
			);
			productRefGroup = 92761B90235CD67E0051E23B /* Products */;
			projectDirPath = "";
			projectRoot = "";
			targets = (
				92761B8E235CD67E0051E23B /* MTP clock */,
				92761BA4235CD6800051E23B /* MTP clockTests */,
				92761BAF235CD6800051E23B /* MTP clockUITests */,
				920DC24C235E8FE600DEC06D /* Clock widget */,
			);
		};
/* End PBXProject section */

/* Begin PBXResourcesBuildPhase section */
		920DC24B235E8FE600DEC06D /* Resources */ = {
			isa = PBXResourcesBuildPhase;
			buildActionMask = 2147483647;
			files = (
				920DC255235E8FE600DEC06D /* MainInterface.storyboard in Resources */,
			);
			runOnlyForDeploymentPostprocessing = 0;
		};
		92761B8D235CD67E0051E23B /* Resources */ = {
			isa = PBXResourcesBuildPhase;
			buildActionMask = 2147483647;
			files = (
				92761B9F235CD67F0051E23B /* LaunchScreen.storyboard in Resources */,
				92761B9C235CD67F0051E23B /* Preview Assets.xcassets in Resources */,
				92761B99235CD67F0051E23B /* Assets.xcassets in Resources */,
			);
			runOnlyForDeploymentPostprocessing = 0;
		};
		92761BA3235CD6800051E23B /* Resources */ = {
			isa = PBXResourcesBuildPhase;
			buildActionMask = 2147483647;
			files = (
			);
			runOnlyForDeploymentPostprocessing = 0;
		};
		92761BAE235CD6800051E23B /* Resources */ = {
			isa = PBXResourcesBuildPhase;
			buildActionMask = 2147483647;
			files = (
			);
			runOnlyForDeploymentPostprocessing = 0;
		};
/* End PBXResourcesBuildPhase section */

/* Begin PBXShellScriptBuildPhase section */
		40DE0895BE9A9698FC7D82C5 /* [CP] Check Pods Manifest.lock */ = {
			isa = PBXShellScriptBuildPhase;
			buildActionMask = 2147483647;
			files = (
			);
			inputFileListPaths = (
			);
			inputPaths = (
				"${PODS_PODFILE_DIR_PATH}/Podfile.lock",
				"${PODS_ROOT}/Manifest.lock",
			);
			name = "[CP] Check Pods Manifest.lock";
			outputFileListPaths = (
			);
			outputPaths = (
				"$(DERIVED_FILE_DIR)/Pods-Clock widget-checkManifestLockResult.txt",
			);
			runOnlyForDeploymentPostprocessing = 0;
			shellPath = /bin/sh;
			shellScript = "diff \"${PODS_PODFILE_DIR_PATH}/Podfile.lock\" \"${PODS_ROOT}/Manifest.lock\" > /dev/null\nif [ $? != 0 ] ; then\n    # print error to STDERR\n    echo \"error: The sandbox is not in sync with the Podfile.lock. Run 'pod install' or update your CocoaPods installation.\" >&2\n    exit 1\nfi\n# This output is used by Xcode 'outputs' to avoid re-running this script phase.\necho \"SUCCESS\" > \"${SCRIPT_OUTPUT_FILE_0}\"\n";
			showEnvVarsInLog = 0;
		};
		5A786BF8EAE4E1A357F39499 /* [CP] Embed Pods Frameworks */ = {
			isa = PBXShellScriptBuildPhase;
			buildActionMask = 2147483647;
			files = (
			);
			inputFileListPaths = (
				"${PODS_ROOT}/Target Support Files/Pods-MTP clock/Pods-MTP clock-frameworks-${CONFIGURATION}-input-files.xcfilelist",
			);
			name = "[CP] Embed Pods Frameworks";
			outputFileListPaths = (
				"${PODS_ROOT}/Target Support Files/Pods-MTP clock/Pods-MTP clock-frameworks-${CONFIGURATION}-output-files.xcfilelist",
			);
			runOnlyForDeploymentPostprocessing = 0;
			shellPath = /bin/sh;
			shellScript = "\"${PODS_ROOT}/Target Support Files/Pods-MTP clock/Pods-MTP clock-frameworks.sh\"\n";
			showEnvVarsInLog = 0;
		};
		E49921F54B2370ED437E056E /* [CP] Check Pods Manifest.lock */ = {
			isa = PBXShellScriptBuildPhase;
			buildActionMask = 2147483647;
			files = (
			);
			inputFileListPaths = (
			);
			inputPaths = (
				"${PODS_PODFILE_DIR_PATH}/Podfile.lock",
				"${PODS_ROOT}/Manifest.lock",
			);
			name = "[CP] Check Pods Manifest.lock";
			outputFileListPaths = (
			);
			outputPaths = (
				"$(DERIVED_FILE_DIR)/Pods-MTP clock-checkManifestLockResult.txt",
			);
			runOnlyForDeploymentPostprocessing = 0;
			shellPath = /bin/sh;
			shellScript = "diff \"${PODS_PODFILE_DIR_PATH}/Podfile.lock\" \"${PODS_ROOT}/Manifest.lock\" > /dev/null\nif [ $? != 0 ] ; then\n    # print error to STDERR\n    echo \"error: The sandbox is not in sync with the Podfile.lock. Run 'pod install' or update your CocoaPods installation.\" >&2\n    exit 1\nfi\n# This output is used by Xcode 'outputs' to avoid re-running this script phase.\necho \"SUCCESS\" > \"${SCRIPT_OUTPUT_FILE_0}\"\n";
			showEnvVarsInLog = 0;
		};
/* End PBXShellScriptBuildPhase section */

/* Begin PBXSourcesBuildPhase section */
		920DC249235E8FE600DEC06D /* Sources */ = {
			isa = PBXSourcesBuildPhase;
			buildActionMask = 2147483647;
			files = (
				92A1372D235E98720014504F /* MTP.swift in Sources */,
				925B3EAA236130B900BD99F9 /* MainView.swift in Sources */,
				925214AA236515EF0044175D /* String.swift in Sources */,
				92A13726235E98070014504F /* MTPApi.swift in Sources */,
				9254C610236136F10097A624 /* AppState.swift in Sources */,
				92A1372B235E984C0014504F /* HistoryItem.swift in Sources */,
				92A13729235E98340014504F /* LocalData.swift in Sources */,
				925214B0236516FC0044175D /* StringError.swift in Sources */,
				925B3EA72361269300BD99F9 /* TodayView.swift in Sources */,
				925B3EAC236130C500BD99F9 /* SetSSNView.swift in Sources */,
				920DC252235E8FE600DEC06D /* TodayViewController.swift in Sources */,
			);
			runOnlyForDeploymentPostprocessing = 0;
		};
		92761B8B235CD67E0051E23B /* Sources */ = {
			isa = PBXSourcesBuildPhase;
			buildActionMask = 2147483647;
			files = (
				925214B32365195A0044175D /* StringError.swift in Sources */,
				92761BCD235CDB150051E23B /* SettingsTab.swift in Sources */,
				92AFF1DB235CFFFD005454E2 /* MTPApi.swift in Sources */,
				92761BC8235CD96A0051E23B /* MainScreen.swift in Sources */,
				9281B0A9235D153E000F9CC8 /* HistoryItem.swift in Sources */,
				925214AD2365161E0044175D /* String.swift in Sources */,
				92761BCF235CDE860051E23B /* AppState.swift in Sources */,
				925CDE1C235E75F600D48F9E /* LocalData.swift in Sources */,
				92761B93235CD67E0051E23B /* AppDelegate.swift in Sources */,
				9281B0A7235D12C2000F9CC8 /* MTP.swift in Sources */,
				92761B95235CD67E0051E23B /* SceneDelegate.swift in Sources */,
				925CDE1A235E711100D48F9E /* SetSSNPage.swift in Sources */,
				92761BD1235CE20D0051E23B /* SettingsRow.swift in Sources */,
				92761B97235CD67E0051E23B /* RootView.swift in Sources */,
				92761BCB235CDAE00051E23B /* ClockTab.swift in Sources */,
			);
			runOnlyForDeploymentPostprocessing = 0;
		};
		92761BA1235CD6800051E23B /* Sources */ = {
			isa = PBXSourcesBuildPhase;
			buildActionMask = 2147483647;
			files = (
				92761BAA235CD6800051E23B /* MTP_clockTests.swift in Sources */,
			);
			runOnlyForDeploymentPostprocessing = 0;
		};
		92761BAC235CD6800051E23B /* Sources */ = {
			isa = PBXSourcesBuildPhase;
			buildActionMask = 2147483647;
			files = (
				92761BB5235CD6800051E23B /* MTP_clockUITests.swift in Sources */,
			);
			runOnlyForDeploymentPostprocessing = 0;
		};
/* End PBXSourcesBuildPhase section */

/* Begin PBXTargetDependency section */
		920DC258235E8FE600DEC06D /* PBXTargetDependency */ = {
			isa = PBXTargetDependency;
			target = 920DC24C235E8FE600DEC06D /* Clock widget */;
			targetProxy = 920DC257235E8FE600DEC06D /* PBXContainerItemProxy */;
		};
		92761BA7235CD6800051E23B /* PBXTargetDependency */ = {
			isa = PBXTargetDependency;
			target = 92761B8E235CD67E0051E23B /* MTP clock */;
			targetProxy = 92761BA6235CD6800051E23B /* PBXContainerItemProxy */;
		};
		92761BB2235CD6800051E23B /* PBXTargetDependency */ = {
			isa = PBXTargetDependency;
			target = 92761B8E235CD67E0051E23B /* MTP clock */;
			targetProxy = 92761BB1235CD6800051E23B /* PBXContainerItemProxy */;
		};
/* End PBXTargetDependency section */

/* Begin PBXVariantGroup section */
		920DC253235E8FE600DEC06D /* MainInterface.storyboard */ = {
			isa = PBXVariantGroup;
			children = (
				920DC254235E8FE600DEC06D /* Base */,
			);
			name = MainInterface.storyboard;
			sourceTree = "<group>";
		};
		92761B9D235CD67F0051E23B /* LaunchScreen.storyboard */ = {
			isa = PBXVariantGroup;
			children = (
				92761B9E235CD67F0051E23B /* Base */,
			);
			name = LaunchScreen.storyboard;
			sourceTree = "<group>";
		};
/* End PBXVariantGroup section */

/* Begin XCBuildConfiguration section */
		920DC25B235E8FE600DEC06D /* Debug */ = {
			isa = XCBuildConfiguration;
			baseConfigurationReference = F32160290F1E6410A05216B7 /* Pods-Clock widget.debug.xcconfig */;
			buildSettings = {
				CODE_SIGN_STYLE = Automatic;
				DEVELOPMENT_TEAM = 2Z8E5X734X;
				INFOPLIST_FILE = "Clock widget/Info.plist";
				LD_RUNPATH_SEARCH_PATHS = (
					"$(inherited)",
					"@executable_path/Frameworks",
					"@executable_path/../../Frameworks",
				);
				PRODUCT_BUNDLE_IDENTIFIER = "com.gudmundur.MTP-clock.Clock-widget";
				PRODUCT_NAME = "MTP Clock";
				SKIP_INSTALL = YES;
				SWIFT_VERSION = 5.0;
				TARGETED_DEVICE_FAMILY = "1,2";
			};
			name = Debug;
		};
		920DC25C235E8FE600DEC06D /* Release */ = {
			isa = XCBuildConfiguration;
			baseConfigurationReference = A10AC70D46D497B124AF8763 /* Pods-Clock widget.release.xcconfig */;
			buildSettings = {
				CODE_SIGN_STYLE = Automatic;
				DEVELOPMENT_TEAM = 2Z8E5X734X;
				INFOPLIST_FILE = "Clock widget/Info.plist";
				LD_RUNPATH_SEARCH_PATHS = (
					"$(inherited)",
					"@executable_path/Frameworks",
					"@executable_path/../../Frameworks",
				);
				PRODUCT_BUNDLE_IDENTIFIER = "com.gudmundur.MTP-clock.Clock-widget";
				PRODUCT_NAME = "MTP Clock";
				SKIP_INSTALL = YES;
				SWIFT_VERSION = 5.0;
				TARGETED_DEVICE_FAMILY = "1,2";
			};
			name = Release;
		};
		92761BB7235CD6800051E23B /* Debug */ = {
			isa = XCBuildConfiguration;
			buildSettings = {
				ALWAYS_SEARCH_USER_PATHS = NO;
				CLANG_ANALYZER_NONNULL = YES;
				CLANG_ANALYZER_NUMBER_OBJECT_CONVERSION = YES_AGGRESSIVE;
				CLANG_CXX_LANGUAGE_STANDARD = "gnu++14";
				CLANG_CXX_LIBRARY = "libc++";
				CLANG_ENABLE_MODULES = YES;
				CLANG_ENABLE_OBJC_ARC = YES;
				CLANG_ENABLE_OBJC_WEAK = YES;
				CLANG_WARN_BLOCK_CAPTURE_AUTORELEASING = YES;
				CLANG_WARN_BOOL_CONVERSION = YES;
				CLANG_WARN_COMMA = YES;
				CLANG_WARN_CONSTANT_CONVERSION = YES;
				CLANG_WARN_DEPRECATED_OBJC_IMPLEMENTATIONS = YES;
				CLANG_WARN_DIRECT_OBJC_ISA_USAGE = YES_ERROR;
				CLANG_WARN_DOCUMENTATION_COMMENTS = YES;
				CLANG_WARN_EMPTY_BODY = YES;
				CLANG_WARN_ENUM_CONVERSION = YES;
				CLANG_WARN_INFINITE_RECURSION = YES;
				CLANG_WARN_INT_CONVERSION = YES;
				CLANG_WARN_NON_LITERAL_NULL_CONVERSION = YES;
				CLANG_WARN_OBJC_IMPLICIT_RETAIN_SELF = YES;
				CLANG_WARN_OBJC_LITERAL_CONVERSION = YES;
				CLANG_WARN_OBJC_ROOT_CLASS = YES_ERROR;
				CLANG_WARN_RANGE_LOOP_ANALYSIS = YES;
				CLANG_WARN_STRICT_PROTOTYPES = YES;
				CLANG_WARN_SUSPICIOUS_MOVE = YES;
				CLANG_WARN_UNGUARDED_AVAILABILITY = YES_AGGRESSIVE;
				CLANG_WARN_UNREACHABLE_CODE = YES;
				CLANG_WARN__DUPLICATE_METHOD_MATCH = YES;
				COPY_PHASE_STRIP = NO;
				DEBUG_INFORMATION_FORMAT = dwarf;
				ENABLE_STRICT_OBJC_MSGSEND = YES;
				ENABLE_TESTABILITY = YES;
				GCC_C_LANGUAGE_STANDARD = gnu11;
				GCC_DYNAMIC_NO_PIC = NO;
				GCC_NO_COMMON_BLOCKS = YES;
				GCC_OPTIMIZATION_LEVEL = 0;
				GCC_PREPROCESSOR_DEFINITIONS = (
					"DEBUG=1",
					"$(inherited)",
				);
				GCC_WARN_64_TO_32_BIT_CONVERSION = YES;
				GCC_WARN_ABOUT_RETURN_TYPE = YES_ERROR;
				GCC_WARN_UNDECLARED_SELECTOR = YES;
				GCC_WARN_UNINITIALIZED_AUTOS = YES_AGGRESSIVE;
				GCC_WARN_UNUSED_FUNCTION = YES;
				GCC_WARN_UNUSED_VARIABLE = YES;
				IPHONEOS_DEPLOYMENT_TARGET = 13.1;
				MTL_ENABLE_DEBUG_INFO = INCLUDE_SOURCE;
				MTL_FAST_MATH = YES;
				ONLY_ACTIVE_ARCH = YES;
				SDKROOT = iphoneos;
				SWIFT_ACTIVE_COMPILATION_CONDITIONS = DEBUG;
				SWIFT_OPTIMIZATION_LEVEL = "-Onone";
			};
			name = Debug;
		};
		92761BB8235CD6800051E23B /* Release */ = {
			isa = XCBuildConfiguration;
			buildSettings = {
				ALWAYS_SEARCH_USER_PATHS = NO;
				CLANG_ANALYZER_NONNULL = YES;
				CLANG_ANALYZER_NUMBER_OBJECT_CONVERSION = YES_AGGRESSIVE;
				CLANG_CXX_LANGUAGE_STANDARD = "gnu++14";
				CLANG_CXX_LIBRARY = "libc++";
				CLANG_ENABLE_MODULES = YES;
				CLANG_ENABLE_OBJC_ARC = YES;
				CLANG_ENABLE_OBJC_WEAK = YES;
				CLANG_WARN_BLOCK_CAPTURE_AUTORELEASING = YES;
				CLANG_WARN_BOOL_CONVERSION = YES;
				CLANG_WARN_COMMA = YES;
				CLANG_WARN_CONSTANT_CONVERSION = YES;
				CLANG_WARN_DEPRECATED_OBJC_IMPLEMENTATIONS = YES;
				CLANG_WARN_DIRECT_OBJC_ISA_USAGE = YES_ERROR;
				CLANG_WARN_DOCUMENTATION_COMMENTS = YES;
				CLANG_WARN_EMPTY_BODY = YES;
				CLANG_WARN_ENUM_CONVERSION = YES;
				CLANG_WARN_INFINITE_RECURSION = YES;
				CLANG_WARN_INT_CONVERSION = YES;
				CLANG_WARN_NON_LITERAL_NULL_CONVERSION = YES;
				CLANG_WARN_OBJC_IMPLICIT_RETAIN_SELF = YES;
				CLANG_WARN_OBJC_LITERAL_CONVERSION = YES;
				CLANG_WARN_OBJC_ROOT_CLASS = YES_ERROR;
				CLANG_WARN_RANGE_LOOP_ANALYSIS = YES;
				CLANG_WARN_STRICT_PROTOTYPES = YES;
				CLANG_WARN_SUSPICIOUS_MOVE = YES;
				CLANG_WARN_UNGUARDED_AVAILABILITY = YES_AGGRESSIVE;
				CLANG_WARN_UNREACHABLE_CODE = YES;
				CLANG_WARN__DUPLICATE_METHOD_MATCH = YES;
				COPY_PHASE_STRIP = NO;
				DEBUG_INFORMATION_FORMAT = "dwarf-with-dsym";
				ENABLE_NS_ASSERTIONS = NO;
				ENABLE_STRICT_OBJC_MSGSEND = YES;
				GCC_C_LANGUAGE_STANDARD = gnu11;
				GCC_NO_COMMON_BLOCKS = YES;
				GCC_WARN_64_TO_32_BIT_CONVERSION = YES;
				GCC_WARN_ABOUT_RETURN_TYPE = YES_ERROR;
				GCC_WARN_UNDECLARED_SELECTOR = YES;
				GCC_WARN_UNINITIALIZED_AUTOS = YES_AGGRESSIVE;
				GCC_WARN_UNUSED_FUNCTION = YES;
				GCC_WARN_UNUSED_VARIABLE = YES;
				IPHONEOS_DEPLOYMENT_TARGET = 13.1;
				MTL_ENABLE_DEBUG_INFO = NO;
				MTL_FAST_MATH = YES;
				SDKROOT = iphoneos;
				SWIFT_COMPILATION_MODE = wholemodule;
				SWIFT_OPTIMIZATION_LEVEL = "-O";
				VALIDATE_PRODUCT = YES;
			};
			name = Release;
		};
		92761BBA235CD6800051E23B /* Debug */ = {
			isa = XCBuildConfiguration;
			baseConfigurationReference = 40D29C86407327FF3CDDDAAF /* Pods-MTP clock.debug.xcconfig */;
			buildSettings = {
				ALWAYS_EMBED_SWIFT_STANDARD_LIBRARIES = YES;
				ASSETCATALOG_COMPILER_APPICON_NAME = AppIcon;
				CODE_SIGN_STYLE = Automatic;
				DEVELOPMENT_ASSET_PATHS = "\"MTP clock/Preview Content\"";
				DEVELOPMENT_TEAM = 2Z8E5X734X;
				ENABLE_PREVIEWS = YES;
				INFOPLIST_FILE = "MTP clock/Info.plist";
				LD_RUNPATH_SEARCH_PATHS = (
					"$(inherited)",
					"@executable_path/Frameworks",
				);
				PRODUCT_BUNDLE_IDENTIFIER = "com.gudmundur.MTP-clock";
				PRODUCT_NAME = "$(TARGET_NAME)";
				SWIFT_VERSION = 5.0;
				TARGETED_DEVICE_FAMILY = "1,2";
			};
			name = Debug;
		};
		92761BBB235CD6800051E23B /* Release */ = {
			isa = XCBuildConfiguration;
			baseConfigurationReference = 41C284BF6D6A4984D2524671 /* Pods-MTP clock.release.xcconfig */;
			buildSettings = {
				ALWAYS_EMBED_SWIFT_STANDARD_LIBRARIES = YES;
				ASSETCATALOG_COMPILER_APPICON_NAME = AppIcon;
				CODE_SIGN_STYLE = Automatic;
				DEVELOPMENT_ASSET_PATHS = "\"MTP clock/Preview Content\"";
				DEVELOPMENT_TEAM = 2Z8E5X734X;
				ENABLE_PREVIEWS = YES;
				INFOPLIST_FILE = "MTP clock/Info.plist";
				LD_RUNPATH_SEARCH_PATHS = (
					"$(inherited)",
					"@executable_path/Frameworks",
				);
				PRODUCT_BUNDLE_IDENTIFIER = "com.gudmundur.MTP-clock";
				PRODUCT_NAME = "$(TARGET_NAME)";
				SWIFT_VERSION = 5.0;
				TARGETED_DEVICE_FAMILY = "1,2";
			};
			name = Release;
		};
		92761BBD235CD6800051E23B /* Debug */ = {
			isa = XCBuildConfiguration;
			buildSettings = {
				ALWAYS_EMBED_SWIFT_STANDARD_LIBRARIES = YES;
				BUNDLE_LOADER = "$(TEST_HOST)";
				CODE_SIGN_STYLE = Automatic;
				INFOPLIST_FILE = "MTP clockTests/Info.plist";
				IPHONEOS_DEPLOYMENT_TARGET = 13.1;
				LD_RUNPATH_SEARCH_PATHS = (
					"$(inherited)",
					"@executable_path/Frameworks",
					"@loader_path/Frameworks",
				);
				PRODUCT_BUNDLE_IDENTIFIER = "com.gudmundur.MTP-clockTests";
				PRODUCT_NAME = "$(TARGET_NAME)";
				SWIFT_VERSION = 5.0;
				TARGETED_DEVICE_FAMILY = "1,2";
				TEST_HOST = "$(BUILT_PRODUCTS_DIR)/MTP clock.app/MTP clock";
			};
			name = Debug;
		};
		92761BBE235CD6800051E23B /* Release */ = {
			isa = XCBuildConfiguration;
			buildSettings = {
				ALWAYS_EMBED_SWIFT_STANDARD_LIBRARIES = YES;
				BUNDLE_LOADER = "$(TEST_HOST)";
				CODE_SIGN_STYLE = Automatic;
				INFOPLIST_FILE = "MTP clockTests/Info.plist";
				IPHONEOS_DEPLOYMENT_TARGET = 13.1;
				LD_RUNPATH_SEARCH_PATHS = (
					"$(inherited)",
					"@executable_path/Frameworks",
					"@loader_path/Frameworks",
				);
				PRODUCT_BUNDLE_IDENTIFIER = "com.gudmundur.MTP-clockTests";
				PRODUCT_NAME = "$(TARGET_NAME)";
				SWIFT_VERSION = 5.0;
				TARGETED_DEVICE_FAMILY = "1,2";
				TEST_HOST = "$(BUILT_PRODUCTS_DIR)/MTP clock.app/MTP clock";
			};
			name = Release;
		};
		92761BC0235CD6800051E23B /* Debug */ = {
			isa = XCBuildConfiguration;
			buildSettings = {
				ALWAYS_EMBED_SWIFT_STANDARD_LIBRARIES = YES;
				CODE_SIGN_STYLE = Automatic;
				INFOPLIST_FILE = "MTP clockUITests/Info.plist";
				LD_RUNPATH_SEARCH_PATHS = (
					"$(inherited)",
					"@executable_path/Frameworks",
					"@loader_path/Frameworks",
				);
				PRODUCT_BUNDLE_IDENTIFIER = "com.gudmundur.MTP-clockUITests";
				PRODUCT_NAME = "$(TARGET_NAME)";
				SWIFT_VERSION = 5.0;
				TARGETED_DEVICE_FAMILY = "1,2";
				TEST_TARGET_NAME = "MTP clock";
			};
			name = Debug;
		};
		92761BC1235CD6800051E23B /* Release */ = {
			isa = XCBuildConfiguration;
			buildSettings = {
				ALWAYS_EMBED_SWIFT_STANDARD_LIBRARIES = YES;
				CODE_SIGN_STYLE = Automatic;
				INFOPLIST_FILE = "MTP clockUITests/Info.plist";
				LD_RUNPATH_SEARCH_PATHS = (
					"$(inherited)",
					"@executable_path/Frameworks",
					"@loader_path/Frameworks",
				);
				PRODUCT_BUNDLE_IDENTIFIER = "com.gudmundur.MTP-clockUITests";
				PRODUCT_NAME = "$(TARGET_NAME)";
				SWIFT_VERSION = 5.0;
				TARGETED_DEVICE_FAMILY = "1,2";
				TEST_TARGET_NAME = "MTP clock";
			};
			name = Release;
		};
/* End XCBuildConfiguration section */

/* Begin XCConfigurationList section */
		920DC25D235E8FE600DEC06D /* Build configuration list for PBXNativeTarget "Clock widget" */ = {
			isa = XCConfigurationList;
			buildConfigurations = (
				920DC25B235E8FE600DEC06D /* Debug */,
				920DC25C235E8FE600DEC06D /* Release */,
			);
			defaultConfigurationIsVisible = 0;
			defaultConfigurationName = Release;
		};
		92761B8A235CD67E0051E23B /* Build configuration list for PBXProject "MTP clock" */ = {
			isa = XCConfigurationList;
			buildConfigurations = (
				92761BB7235CD6800051E23B /* Debug */,
				92761BB8235CD6800051E23B /* Release */,
			);
			defaultConfigurationIsVisible = 0;
			defaultConfigurationName = Release;
		};
		92761BB9235CD6800051E23B /* Build configuration list for PBXNativeTarget "MTP clock" */ = {
			isa = XCConfigurationList;
			buildConfigurations = (
				92761BBA235CD6800051E23B /* Debug */,
				92761BBB235CD6800051E23B /* Release */,
			);
			defaultConfigurationIsVisible = 0;
			defaultConfigurationName = Release;
		};
		92761BBC235CD6800051E23B /* Build configuration list for PBXNativeTarget "MTP clockTests" */ = {
			isa = XCConfigurationList;
			buildConfigurations = (
				92761BBD235CD6800051E23B /* Debug */,
				92761BBE235CD6800051E23B /* Release */,
			);
			defaultConfigurationIsVisible = 0;
			defaultConfigurationName = Release;
		};
		92761BBF235CD6800051E23B /* Build configuration list for PBXNativeTarget "MTP clockUITests" */ = {
			isa = XCConfigurationList;
			buildConfigurations = (
				92761BC0235CD6800051E23B /* Debug */,
				92761BC1235CD6800051E23B /* Release */,
			);
			defaultConfigurationIsVisible = 0;
			defaultConfigurationName = Release;
		};
/* End XCConfigurationList section */

/* Begin XCRemoteSwiftPackageReference section */
		925EE62F2360E659003E8F33 /* XCRemoteSwiftPackageReference "SwiftUIX" */ = {
			isa = XCRemoteSwiftPackageReference;
			repositoryURL = "https://github.com/SwiftUIX/SwiftUIX";
			requirement = {
				branch = master;
				kind = branch;
			};
		};
/* End XCRemoteSwiftPackageReference section */

/* Begin XCSwiftPackageProductDependency section */
		925EE6302360E659003E8F33 /* SwiftUIX */ = {
			isa = XCSwiftPackageProductDependency;
			package = 925EE62F2360E659003E8F33 /* XCRemoteSwiftPackageReference "SwiftUIX" */;
			productName = SwiftUIX;
		};
/* End XCSwiftPackageProductDependency section */
	};
	rootObject = 92761B87235CD67E0051E23B /* Project object */;
}
